[[package]]
name = "jaydebeapi"
version = "1.2.3"
description = "Use JDBC database drivers from Python 2/3 or Jython with a DB-API."
category = "main"
optional = false
python-versions = "*"

[package.dependencies]
JPype1 = {version = "*", markers = "python_version > \"2.7\" and platform_python_implementation != \"Jython\""}

[[package]]
name = "jpype1"
version = "1.3.0"
description = "A Python to Java bridge."
category = "main"
optional = false
python-versions = "*"

[package.extras]
docs = ["readthedocs-sphinx-ext", "sphinx", "sphinx-rtd-theme"]
tests = ["pytest"]

[[package]]
name = "numpy"
version = "1.22.2"
description = "NumPy is the fundamental package for array computing with Python."
category = "main"
optional = false
python-versions = ">=3.8"

[metadata]
lock-version = "1.1"
python-versions = ">=3.8.0,<3.9"
content-hash = "eb2b69149b075ebcbb78fb863ed0612898b5339fa2327d6449ac4c98a66d140d"

[metadata.files]
jaydebeapi = [
    {file = "JayDeBeApi-1.2.3-py2-none-any.whl", hash = "sha256:fbfbc7e41d7b35af08df6376a73637820c71a1373b40244b135bd07f3e865c81"},
    {file = "JayDeBeApi-1.2.3-py3-none-any.whl", hash = "sha256:d6256bdad1e14414225fbc839f7d56922ea3abc06153f3a57490fee909fecd64"},
    {file = "JayDeBeApi-1.2.3.tar.gz", hash = "sha256:f25e9307fbb5960cb035394c26e37731b64cc465b197c4344cee85ec450ab92f"},
]
jpype1 = [
    {file = "JPype1-1.3.0-cp35-cp35m-manylinux_2_5_i686.manylinux1_i686.whl", hash = "sha256:1eb690b3757d8ff3f853941c73b6f9caa2b3f7851ec9a105e0388558bf726690"},
    {file = "JPype1-1.3.0-cp35-cp35m-manylinux_2_5_x86_64.manylinux1_x86_64.whl", hash = "sha256:7bb61de43e4b7f83a9a0d84e553939912c758430d13d0667befa9a5c935e955e"},
    {file = "JPype1-1.3.0-cp36-cp36m-macosx_10_9_x86_64.whl", hash = "sha256:7b674d1888a3433a22ef0c8c67e8bb137252de7c358db2cc85af3565de3af595"},
    {file = "JPype1-1.3.0-cp36-cp36m-manylinux_2_5_i686.manylinux1_i686.whl", hash = "sha256:f4d65ac9c13d785da3555fbc0f710ea62c716036c265a3cc8f8d8d36b9aaa1c7"},
    {file = "JPype1-1.3.0-cp36-cp36m-manylinux_2_5_x86_64.manylinux1_x86_64.whl", hash = "sha256:d89ef97478da724728fc946e12256f5a62c5cb0d7107aa30256ffb4413754eea"},
    {file = "JPype1-1.3.0-cp36-cp36m-win_amd64.whl", hash = "sha256:f356f10e9f77a77466557076555eacde342b558905143c6e49c84e8e72712d2c"},
    {file = "JPype1-1.3.0-cp37-cp37m-macosx_10_9_x86_64.whl", hash = "sha256:82d83b0e7baadbd876f498c5ba2356f0a87c0372e88e89bbb3c3c09044e80921"},
    {file = "JPype1-1.3.0-cp37-cp37m-manylinux_2_5_i686.manylinux1_i686.whl", hash = "sha256:487843f84dbb3df59d63bb95583320edcf33cc112856c3d28c95c907c7535075"},
    {file = "JPype1-1.3.0-cp37-cp37m-manylinux_2_5_x86_64.manylinux1_x86_64.whl", hash = "sha256:e1f54084018deeab84aea349963335b2883a7ac91173fe681ba63d3ff09eb68c"},
    {file = "JPype1-1.3.0-cp37-cp37m-win_amd64.whl", hash = "sha256:6b74385f38968dfbe01a0548c6066bb3072e5a2f2b082a1beeca0935abb789ba"},
    {file = "JPype1-1.3.0-cp38-cp38-macosx_10_9_x86_64.whl", hash = "sha256:b6171cabc41cda585f80ad84c6173cb1ad874c83e6810b100668bc867fa13046"},
    {file = "JPype1-1.3.0-cp38-cp38-manylinux_2_5_i686.manylinux1_i686.whl", hash = "sha256:fa1cf484a1e8c86839791f8667dfae8be3f7510c3fa3de6674608f29b4629554"},
    {file = "JPype1-1.3.0-cp38-cp38-manylinux_2_5_x86_64.manylinux1_x86_64.whl", hash = "sha256:5c39c3efce8cc18147f8269ae5cd7ed4a073f5ef00e78dbf17305fd6330c50e3"},
    {file = "JPype1-1.3.0-cp38-cp38-win_amd64.whl", hash = "sha256:a10f52623b377894dda664228baa0a64c7d4948973b91229238c9a5fbf560139"},
    {file = "JPype1-1.3.0-cp39-cp39-macosx_10_9_x86_64.whl", hash = "sha256:6d328e3ec0c626dd4272d4c6dbfaa0b66293c72dd1786adfb51bec33ee2f3fd3"},
    {file = "JPype1-1.3.0-cp39-cp39-manylinux_2_5_i686.manylinux1_i686.whl", hash = "sha256:953fdb406999d68bee8f48f809a3906df9509dca055183b7af0bed62515db29a"},
    {file = "JPype1-1.3.0-cp39-cp39-manylinux_2_5_x86_64.manylinux1_x86_64.whl", hash = "sha256:43583158b5c0c606b87b32ae3175d3d7f24eadefd6d29837f76f295d656a9eac"},
    {file = "JPype1-1.3.0-cp39-cp39-win_amd64.whl", hash = "sha256:748bee8759e4a1261284e4f48eab475abe66a2eb4c3f7f3967c71276efe6abe5"},
    {file = "JPype1-1.3.0.tar.gz", hash = "sha256:4fc27dba89750cb0c9d692466341ce60c0fe86a16051091cb5347a37cf884151"},
]
numpy = [
    {file = "numpy-1.22.2-cp310-cp310-macosx_10_14_x86_64.whl", hash = "sha256:515a8b6edbb904594685da6e176ac9fbea8f73a5ebae947281de6613e27f1956"},
    {file = "numpy-1.22.2-cp310-cp310-macosx_11_0_arm64.whl", hash = "sha256:76a4f9bce0278becc2da7da3b8ef854bed41a991f4226911a24a9711baad672c"},
    {file = "numpy-1.22.2-cp310-cp310-manylinux_2_17_aarch64.manylinux2014_aarch64.whl", hash = "sha256:168259b1b184aa83a514f307352c25c56af111c269ffc109d9704e81f72e764b"},
    {file = "numpy-1.22.2-cp310-cp310-manylinux_2_17_x86_64.manylinux2014_x86_64.whl", hash = "sha256:3556c5550de40027d3121ebbb170f61bbe19eb639c7ad0c7b482cd9b560cd23b"},
    {file = "numpy-1.22.2-cp310-cp310-win_amd64.whl", hash = "sha256:aafa46b5a39a27aca566198d3312fb3bde95ce9677085efd02c86f7ef6be4ec7"},
    {file = "numpy-1.22.2-cp38-cp38-macosx_10_14_x86_64.whl", hash = "sha256:55535c7c2f61e2b2fc817c5cbe1af7cb907c7f011e46ae0a52caa4be1f19afe2"},
    {file = "numpy-1.22.2-cp38-cp38-macosx_11_0_arm64.whl", hash = "sha256:60cb8e5933193a3cc2912ee29ca331e9c15b2da034f76159b7abc520b3d1233a"},
    {file = "numpy-1.22.2-cp38-cp38-manylinux_2_17_aarch64.manylinux2014_aarch64.whl", hash = "sha256:0b536b6840e84c1c6a410f3a5aa727821e6108f3454d81a5cd5900999ef04f89"},
    {file = "numpy-1.22.2-cp38-cp38-manylinux_2_17_x86_64.manylinux2014_x86_64.whl", hash = "sha256:2638389562bda1635b564490d76713695ff497242a83d9b684d27bb4a6cc9d7a"},
    {file = "numpy-1.22.2-cp38-cp38-win32.whl", hash = "sha256:6767ad399e9327bfdbaa40871be4254d1995f4a3ca3806127f10cec778bd9896"},
    {file = "numpy-1.22.2-cp38-cp38-win_amd64.whl", hash = "sha256:03ae5850619abb34a879d5f2d4bb4dcd025d6d8fb72f5e461dae84edccfe129f"},
    {file = "numpy-1.22.2-cp39-cp39-macosx_10_14_x86_64.whl", hash = "sha256:d76a26c5118c4d96e264acc9e3242d72e1a2b92e739807b3b69d8d47684b6677"},
    {file = "numpy-1.22.2-cp39-cp39-macosx_11_0_arm64.whl", hash = "sha256:15efb7b93806d438e3bc590ca8ef2f953b0ce4f86f337ef4559d31ec6cf9d7dd"},
    {file = "numpy-1.22.2-cp39-cp39-manylinux_2_17_aarch64.manylinux2014_aarch64.whl", hash = "sha256:badca914580eb46385e7f7e4e426fea6de0a37b9e06bec252e481ae7ec287082"},
    {file = "numpy-1.22.2-cp39-cp39-manylinux_2_17_x86_64.manylinux2014_x86_64.whl", hash = "sha256:94dd11d9f13ea1be17bac39c1942f527cbf7065f94953cf62dfe805653da2f8f"},
    {file = "numpy-1.22.2-cp39-cp39-win32.whl", hash = "sha256:8cf33634b60c9cef346663a222d9841d3bbbc0a2f00221d6bcfd0d993d5543f6"},
    {file = "numpy-1.22.2-cp39-cp39-win_amd64.whl", hash = "sha256:59153979d60f5bfe9e4c00e401e24dfe0469ef8da6d68247439d3278f30a180f"},
    {file = "numpy-1.22.2-pp38-pypy38_pp73-manylinux_2_17_x86_64.manylinux2014_x86_64.whl", hash = "sha256:4a176959b6e7e00b5a0d6f549a479f869829bfd8150282c590deee6d099bbb6e"},
    {file = "numpy-1.22.2.zip", hash = "sha256:076aee5a3763d41da6bef9565fdf3cb987606f567cd8b104aded2b38b7b47abf"},
]
